
Microsoft Visual Studio Solution File, Format Version 12.00
# Visual Studio Version 17
VisualStudioVersion = 17.5.002.0
MinimumVisualStudioVersion = 10.0.40219.1
Project("{9A19103F-16F7-4668-BE54-9A1E7A4F7556}") = "ResurgenceBioWebsite", "ResurgenceBioWebsite.csproj", "{89F59AD3-C9D6-4EB5-B39A-6631F477E76A}"
EndProject
Global
	GlobalSection(SolutionConfigurationPlatforms) = preSolution
		Debug|Any CPU = Debug|Any CPU
		Release|Any CPU = Release|Any CPU
	EndGlobalSection
	GlobalSection(ProjectConfigurationPlatforms) = postSolution
		{89F59AD3-C9D6-4EB5-B39A-6631F477E76A}.Debug|Any CPU.ActiveCfg = Debug|Any CPU
		{89F59AD3-C9D6-4EB5-B39A-6631F477E76A}.Debug|Any CPU.Build.0 = Debug|Any CPU
		{89F59AD3-C9D6-4EB5-B39A-6631F477E76A}.Release|Any CPU.ActiveCfg = Release|Any CPU
		{89F59AD3-C9D6-4EB5-B39A-6631F477E76A}.Release|Any CPU.Build.0 = Release|Any CPU
	EndGlobalSection
	GlobalSection(SolutionProperties) = preSolution
		HideSolutionNode = FALSE
	EndGlobalSection
	GlobalSection(ExtensibilityGlobals) = postSolution
		SolutionGuid = {452EDD96-F462-4A11-BFD9-A8015474AEEB}
	EndGlobalSection
EndGlobal
