Microsoft Visual Studio Solution File, Format Version 12.00
# 17
VisualStudioVersion = 17.11.35103.136
MinimumVisualStudioVersion = 10.0.40219.1
Project("{FAE04EC0-301F-11D3-BF4B-00C04F79EFBC}") = "ResurgenceBioWebsite", "ResurgenceBioWebsite\ResurgenceBioWebsite\ResurgenceBioWebsite.csproj", "{08FCA2A9-A867-45D8-9362-5EAFB3B077A6}"
EndProject
Project("{FAE04EC0-301F-11D3-BF4B-00C04F79EFBC}") = "ResurgenceBioWebsite.Client", "ResurgenceBioWebsite\ResurgenceBioWebsite.Client\ResurgenceBioWebsite.Client.csproj", "{FFA989F1-1716-40F8-85F5-84B0A315D8D3}"
EndProject
Project("{FAE04EC0-301F-11D3-BF4B-00C04F79EFBC}") = "ResurgenceBioWebsite.Shared", "ResurgenceBioWebsite.Shared\ResurgenceBioWebsite.Shared.csproj", "{E15154CC-5720-4AAA-B0BF-694C7C125DF7}"
EndProject
Global
	GlobalSection(SolutionConfigurationPlatforms) = preSolution
		Debug|Any CPU = Debug|Any CPU
		Release|Any CPU = Release|Any CPU
	EndGlobalSection
	GlobalSection(ProjectConfigurationPlatforms) = postSolution
		{08FCA2A9-A867-45D8-9362-5EAFB3B077A6}.Debug|Any CPU.ActiveCfg = Debug|Any CPU
		{08FCA2A9-A867-45D8-9362-5EAFB3B077A6}.Debug|Any CPU.Build.0 = Debug|Any CPU
		{08FCA2A9-A867-45D8-9362-5EAFB3B077A6}.Release|Any CPU.ActiveCfg = Release|Any CPU
		{08FCA2A9-A867-45D8-9362-5EAFB3B077A6}.Release|Any CPU.Build.0 = Release|Any CPU
		{FFA989F1-1716-40F8-85F5-84B0A315D8D3}.Debug|Any CPU.ActiveCfg = Debug|Any CPU
		{FFA989F1-1716-40F8-85F5-84B0A315D8D3}.Debug|Any CPU.Build.0 = Debug|Any CPU
		{FFA989F1-1716-40F8-85F5-84B0A315D8D3}.Release|Any CPU.ActiveCfg = Release|Any CPU
		{FFA989F1-1716-40F8-85F5-84B0A315D8D3}.Release|Any CPU.Build.0 = Release|Any CPU
		{E15154CC-5720-4AAA-B0BF-694C7C125DF7}.Debug|Any CPU.ActiveCfg = Debug|Any CPU
		{E15154CC-5720-4AAA-B0BF-694C7C125DF7}.Debug|Any CPU.Build.0 = Debug|Any CPU
		{E15154CC-5720-4AAA-B0BF-694C7C125DF7}.Release|Any CPU.ActiveCfg = Release|Any CPU
		{E15154CC-5720-4AAA-B0BF-694C7C125DF7}.Release|Any CPU.Build.0 = Release|Any CPU
	EndGlobalSection
	GlobalSection(SolutionProperties) = preSolution
		HideSolutionNode = FALSE
	EndGlobalSection
	GlobalSection(ExtensibilityGlobals) = postSolution
		SolutionGuid = {9FEB00F2-66DD-4E47-A864-110EE533AC3D}
	EndGlobalSection
EndGlobal
